// !$*UTF8*$!
{
	archiveVersion = 1;
	classes = {
	};
	objectVersion = 50;
	objects = {

/* Begin PBXBuildFile section */
		A02C174D20A32A550089F963 /* AppDelegate.swift in Sources */ = {isa = PBXBuildFile; fileRef = A02C174C20A32A550089F963 /* AppDelegate.swift */; };
		A02C174F20A32A550089F963 /* DocumentBrowserViewController.swift in Sources */ = {isa = PBXBuildFile; fileRef = A02C174E20A32A550089F963 /* DocumentBrowserViewController.swift */; };
		A02C175120A32A550089F963 /* DocumentViewController.swift in Sources */ = {isa = PBXBuildFile; fileRef = A02C175020A32A550089F963 /* DocumentViewController.swift */; };
		A02C175320A32A550089F963 /* Document.swift in Sources */ = {isa = PBXBuildFile; fileRef = A02C175220A32A550089F963 /* Document.swift */; };
		A02C175620A32A550089F963 /* Main.storyboard in Resources */ = {isa = PBXBuildFile; fileRef = A02C175420A32A550089F963 /* Main.storyboard */; };
		A02C175820A32A550089F963 /* Assets.xcassets in Resources */ = {isa = PBXBuildFile; fileRef = A02C175720A32A550089F963 /* Assets.xcassets */; };
		A02C175B20A32A550089F963 /* LaunchScreen.storyboard in Resources */ = {isa = PBXBuildFile; fileRef = A02C175920A32A550089F963 /* LaunchScreen.storyboard */; };
		A02C176620A32A550089F963 /* drone_codeTests.swift in Sources */ = {isa = PBXBuildFile; fileRef = A02C176520A32A550089F963 /* drone_codeTests.swift */; };
		A02C177120A32A550089F963 /* drone_codeUITests.swift in Sources */ = {isa = PBXBuildFile; fileRef = A02C177020A32A550089F963 /* drone_codeUITests.swift */; };
/* End PBXBuildFile section */

/* Begin PBXContainerItemProxy section */
		A02C176220A32A550089F963 /* PBXContainerItemProxy */ = {
			isa = PBXContainerItemProxy;
			containerPortal = A02C174120A32A540089F963 /* Project object */;
			proxyType = 1;
			remoteGlobalIDString = A02C174820A32A550089F963;
			remoteInfo = "drone-code";
		};
		A02C176D20A32A550089F963 /* PBXContainerItemProxy */ = {
			isa = PBXContainerItemProxy;
			containerPortal = A02C174120A32A540089F963 /* Project object */;
			proxyType = 1;
			remoteGlobalIDString = A02C174820A32A550089F963;
			remoteInfo = "drone-code";
		};
/* End PBXContainerItemProxy section */

/* Begin PBXFileReference section */
		A02C174920A32A550089F963 /* drone-code.app */ = {isa = PBXFileReference; explicitFileType = wrapper.application; includeInIndex = 0; path = "drone-code.app"; sourceTree = BUILT_PRODUCTS_DIR; };
		A02C174C20A32A550089F963 /* AppDelegate.swift */ = {isa = PBXFileReference; lastKnownFileType = sourcecode.swift; path = AppDelegate.swift; sourceTree = "<group>"; };
		A02C174E20A32A550089F963 /* DocumentBrowserViewController.swift */ = {isa = PBXFileReference; lastKnownFileType = sourcecode.swift; path = DocumentBrowserViewController.swift; sourceTree = "<group>"; };
		A02C175020A32A550089F963 /* DocumentViewController.swift */ = {isa = PBXFileReference; lastKnownFileType = sourcecode.swift; path = DocumentViewController.swift; sourceTree = "<group>"; };
		A02C175220A32A550089F963 /* Document.swift */ = {isa = PBXFileReference; lastKnownFileType = sourcecode.swift; path = Document.swift; sourceTree = "<group>"; };
		A02C175520A32A550089F963 /* Base */ = {isa = PBXFileReference; lastKnownFileType = file.storyboard; name = Base; path = Base.lproj/Main.storyboard; sourceTree = "<group>"; };
		A02C175720A32A550089F963 /* Assets.xcassets */ = {isa = PBXFileReference; lastKnownFileType = folder.assetcatalog; path = Assets.xcassets; sourceTree = "<group>"; };
		A02C175A20A32A550089F963 /* Base */ = {isa = PBXFileReference; lastKnownFileType = file.storyboard; name = Base; path = Base.lproj/LaunchScreen.storyboard; sourceTree = "<group>"; };
		A02C175C20A32A550089F963 /* Info.plist */ = {isa = PBXFileReference; lastKnownFileType = text.plist.xml; path = Info.plist; sourceTree = "<group>"; };
		A02C176120A32A550089F963 /* drone-codeTests.xctest */ = {isa = PBXFileReference; explicitFileType = wrapper.cfbundle; includeInIndex = 0; path = "drone-codeTests.xctest"; sourceTree = BUILT_PRODUCTS_DIR; };
		A02C176520A32A550089F963 /* drone_codeTests.swift */ = {isa = PBXFileReference; lastKnownFileType = sourcecode.swift; path = drone_codeTests.swift; sourceTree = "<group>"; };
		A02C176720A32A550089F963 /* Info.plist */ = {isa = PBXFileReference; lastKnownFileType = text.plist.xml; path = Info.plist; sourceTree = "<group>"; };
		A02C176C20A32A550089F963 /* drone-codeUITests.xctest */ = {isa = PBXFileReference; explicitFileType = wrapper.cfbundle; includeInIndex = 0; path = "drone-codeUITests.xctest"; sourceTree = BUILT_PRODUCTS_DIR; };
		A02C177020A32A550089F963 /* drone_codeUITests.swift */ = {isa = PBXFileReference; lastKnownFileType = sourcecode.swift; path = drone_codeUITests.swift; sourceTree = "<group>"; };
		A02C177220A32A550089F963 /* Info.plist */ = {isa = PBXFileReference; lastKnownFileType = text.plist.xml; path = Info.plist; sourceTree = "<group>"; };
/* End PBXFileReference section */

/* Begin PBXFrameworksBuildPhase section */
		A02C174620A32A550089F963 /* Frameworks */ = {
			isa = PBXFrameworksBuildPhase;
			buildActionMask = 2147483647;
			files = (
			);
			runOnlyForDeploymentPostprocessing = 0;
		};
		A02C175E20A32A550089F963 /* Frameworks */ = {
			isa = PBXFrameworksBuildPhase;
			buildActionMask = 2147483647;
			files = (
			);
			runOnlyForDeploymentPostprocessing = 0;
		};
		A02C176920A32A550089F963 /* Frameworks */ = {
			isa = PBXFrameworksBuildPhase;
			buildActionMask = 2147483647;
			files = (
			);
			runOnlyForDeploymentPostprocessing = 0;
		};
/* End PBXFrameworksBuildPhase section */

/* Begin PBXGroup section */
		A02C174020A32A540089F963 = {
			isa = PBXGroup;
			children = (
				A02C174B20A32A550089F963 /* drone-code */,
				A02C176420A32A550089F963 /* drone-codeTests */,
				A02C176F20A32A550089F963 /* drone-codeUITests */,
				A02C174A20A32A550089F963 /* Products */,
			);
			sourceTree = "<group>";
		};
		A02C174A20A32A550089F963 /* Products */ = {
			isa = PBXGroup;
			children = (
				A02C174920A32A550089F963 /* drone-code.app */,
				A02C176120A32A550089F963 /* drone-codeTests.xctest */,
				A02C176C20A32A550089F963 /* drone-codeUITests.xctest */,
			);
			name = Products;
			sourceTree = "<group>";
		};
		A02C174B20A32A550089F963 /* drone-code */ = {
			isa = PBXGroup;
			children = (
				A02C174C20A32A550089F963 /* AppDelegate.swift */,
				A02C174E20A32A550089F963 /* DocumentBrowserViewController.swift */,
				A02C175020A32A550089F963 /* DocumentViewController.swift */,
				A02C175220A32A550089F963 /* Document.swift */,
				A02C175420A32A550089F963 /* Main.storyboard */,
				A02C175720A32A550089F963 /* Assets.xcassets */,
				A02C175920A32A550089F963 /* LaunchScreen.storyboard */,
				A02C175C20A32A550089F963 /* Info.plist */,
			);
			path = "drone-code";
			sourceTree = "<group>";
		};
		A02C176420A32A550089F963 /* drone-codeTests */ = {
			isa = PBXGroup;
			children = (
				A02C176520A32A550089F963 /* drone_codeTests.swift */,
				A02C176720A32A550089F963 /* Info.plist */,
			);
			path = "drone-codeTests";
			sourceTree = "<group>";
		};
		A02C176F20A32A550089F963 /* drone-codeUITests */ = {
			isa = PBXGroup;
			children = (
				A02C177020A32A550089F963 /* drone_codeUITests.swift */,
				A02C177220A32A550089F963 /* Info.plist */,
			);
			path = "drone-codeUITests";
			sourceTree = "<group>";
		};
/* End PBXGroup section */

/* Begin PBXNativeTarget section */
		A02C174820A32A550089F963 /* drone-code */ = {
			isa = PBXNativeTarget;
			buildConfigurationList = A02C177520A32A550089F963 /* Build configuration list for PBXNativeTarget "drone-code" */;
			buildPhases = (
				A02C174520A32A550089F963 /* Sources */,
				A02C174620A32A550089F963 /* Frameworks */,
				A02C174720A32A550089F963 /* Resources */,
			);
			buildRules = (
			);
			dependencies = (
			);
			name = "drone-code";
			productName = "drone-code";
			productReference = A02C174920A32A550089F963 /* drone-code.app */;
			productType = "com.apple.product-type.application";
		};
		A02C176020A32A550089F963 /* drone-codeTests */ = {
			isa = PBXNativeTarget;
			buildConfigurationList = A02C177820A32A550089F963 /* Build configuration list for PBXNativeTarget "drone-codeTests" */;
			buildPhases = (
				A02C175D20A32A550089F963 /* Sources */,
				A02C175E20A32A550089F963 /* Frameworks */,
				A02C175F20A32A550089F963 /* Resources */,
			);
			buildRules = (
			);
			dependencies = (
				A02C176320A32A550089F963 /* PBXTargetDependency */,
			);
			name = "drone-codeTests";
			productName = "drone-codeTests";
			productReference = A02C176120A32A550089F963 /* drone-codeTests.xctest */;
			productType = "com.apple.product-type.bundle.unit-test";
		};
		A02C176B20A32A550089F963 /* drone-codeUITests */ = {
			isa = PBXNativeTarget;
			buildConfigurationList = A02C177B20A32A550089F963 /* Build configuration list for PBXNativeTarget "drone-codeUITests" */;
			buildPhases = (
				A02C176820A32A550089F963 /* Sources */,
				A02C176920A32A550089F963 /* Frameworks */,
				A02C176A20A32A550089F963 /* Resources */,
			);
			buildRules = (
			);
			dependencies = (
				A02C176E20A32A550089F963 /* PBXTargetDependency */,
			);
			name = "drone-codeUITests";
			productName = "drone-codeUITests";
			productReference = A02C176C20A32A550089F963 /* drone-codeUITests.xctest */;
			productType = "com.apple.product-type.bundle.ui-testing";
		};
/* End PBXNativeTarget section */

/* Begin PBXProject section */
		A02C174120A32A540089F963 /* Project object */ = {
			isa = PBXProject;
			attributes = {
				LastSwiftUpdateCheck = 0930;
				LastUpgradeCheck = 0930;
				ORGANIZATIONNAME = CUI;
				TargetAttributes = {
					A02C174820A32A550089F963 = {
						CreatedOnToolsVersion = 9.3;
					};
					A02C176020A32A550089F963 = {
						CreatedOnToolsVersion = 9.3;
						TestTargetID = A02C174820A32A550089F963;
					};
					A02C176B20A32A550089F963 = {
						CreatedOnToolsVersion = 9.3;
						TestTargetID = A02C174820A32A550089F963;
					};
				};
			};
			buildConfigurationList = A02C174420A32A540089F963 /* Build configuration list for PBXProject "drone-code" */;
			compatibilityVersion = "Xcode 9.3";
			developmentRegion = en;
			hasScannedForEncodings = 0;
			knownRegions = (
				en,
				Base,
			);
			mainGroup = A02C174020A32A540089F963;
			productRefGroup = A02C174A20A32A550089F963 /* Products */;
			projectDirPath = "";
			projectRoot = "";
			targets = (
				A02C174820A32A550089F963 /* drone-code */,
				A02C176020A32A550089F963 /* drone-codeTests */,
				A02C176B20A32A550089F963 /* drone-codeUITests */,
			);
		};
/* End PBXProject section */

/* Begin PBXResourcesBuildPhase section */
		A02C174720A32A550089F963 /* Resources */ = {
			isa = PBXResourcesBuildPhase;
			buildActionMask = 2147483647;
			files = (
				A02C175B20A32A550089F963 /* LaunchScreen.storyboard in Resources */,
				A02C175820A32A550089F963 /* Assets.xcassets in Resources */,
				A02C175620A32A550089F963 /* Main.storyboard in Resources */,
			);
			runOnlyForDeploymentPostprocessing = 0;
		};
		A02C175F20A32A550089F963 /* Resources */ = {
			isa = PBXResourcesBuildPhase;
			buildActionMask = 2147483647;
			files = (
			);
			runOnlyForDeploymentPostprocessing = 0;
		};
		A02C176A20A32A550089F963 /* Resources */ = {
			isa = PBXResourcesBuildPhase;
			buildActionMask = 2147483647;
			files = (
			);
			runOnlyForDeploymentPostprocessing = 0;
		};
/* End PBXResourcesBuildPhase section */

/* Begin PBXSourcesBuildPhase section */
		A02C174520A32A550089F963 /* Sources */ = {
			isa = PBXSourcesBuildPhase;
			buildActionMask = 2147483647;
			files = (
				A02C175320A32A550089F963 /* Document.swift in Sources */,
				A02C175120A32A550089F963 /* DocumentViewController.swift in Sources */,
				A02C174F20A32A550089F963 /* DocumentBrowserViewController.swift in Sources */,
				A02C174D20A32A550089F963 /* AppDelegate.swift in Sources */,
			);
			runOnlyForDeploymentPostprocessing = 0;
		};
		A02C175D20A32A550089F963 /* Sources */ = {
			isa = PBXSourcesBuildPhase;
			buildActionMask = 2147483647;
			files = (
				A02C176620A32A550089F963 /* drone_codeTests.swift in Sources */,
			);
			runOnlyForDeploymentPostprocessing = 0;
		};
		A02C176820A32A550089F963 /* Sources */ = {
			isa = PBXSourcesBuildPhase;
			buildActionMask = 2147483647;
			files = (
				A02C177120A32A550089F963 /* drone_codeUITests.swift in Sources */,
			);
			runOnlyForDeploymentPostprocessing = 0;
		};
/* End PBXSourcesBuildPhase section */

/* Begin PBXTargetDependency section */
		A02C176320A32A550089F963 /* PBXTargetDependency */ = {
			isa = PBXTargetDependency;
			target = A02C174820A32A550089F963 /* drone-code */;
			targetProxy = A02C176220A32A550089F963 /* PBXContainerItemProxy */;
		};
		A02C176E20A32A550089F963 /* PBXTargetDependency */ = {
			isa = PBXTargetDependency;
			target = A02C174820A32A550089F963 /* drone-code */;
			targetProxy = A02C176D20A32A550089F963 /* PBXContainerItemProxy */;
		};
/* End PBXTargetDependency section */

/* Begin PBXVariantGroup section */
		A02C175420A32A550089F963 /* Main.storyboard */ = {
			isa = PBXVariantGroup;
			children = (
				A02C175520A32A550089F963 /* Base */,
			);
			name = Main.storyboard;
			sourceTree = "<group>";
		};
		A02C175920A32A550089F963 /* LaunchScreen.storyboard */ = {
			isa = PBXVariantGroup;
			children = (
				A02C175A20A32A550089F963 /* Base */,
			);
			name = LaunchScreen.storyboard;
			sourceTree = "<group>";
		};
/* End PBXVariantGroup section */

/* Begin XCBuildConfiguration section */
		A02C177320A32A550089F963 /* Debug */ = {
			isa = XCBuildConfiguration;
			buildSettings = {
				ALWAYS_SEARCH_USER_PATHS = NO;
				CLANG_ANALYZER_NONNULL = YES;
				CLANG_ANALYZER_NUMBER_OBJECT_CONVERSION = YES_AGGRESSIVE;
				CLANG_CXX_LANGUAGE_STANDARD = "gnu++14";
				CLANG_CXX_LIBRARY = "libc++";
				CLANG_ENABLE_MODULES = YES;
				CLANG_ENABLE_OBJC_ARC = YES;
				CLANG_ENABLE_OBJC_WEAK = YES;
				CLANG_WARN_BLOCK_CAPTURE_AUTORELEASING = YES;
				CLANG_WARN_BOOL_CONVERSION = YES;
				CLANG_WARN_COMMA = YES;
				CLANG_WARN_CONSTANT_CONVERSION = YES;
				CLANG_WARN_DEPRECATED_OBJC_IMPLEMENTATIONS = YES;
				CLANG_WARN_DIRECT_OBJC_ISA_USAGE = YES_ERROR;
				CLANG_WARN_DOCUMENTATION_COMMENTS = YES;
				CLANG_WARN_EMPTY_BODY = YES;
				CLANG_WARN_ENUM_CONVERSION = YES;
				CLANG_WARN_INFINITE_RECURSION = YES;
				CLANG_WARN_INT_CONVERSION = YES;
				CLANG_WARN_NON_LITERAL_NULL_CONVERSION = YES;
				CLANG_WARN_OBJC_IMPLICIT_RETAIN_SELF = YES;
				CLANG_WARN_OBJC_LITERAL_CONVERSION = YES;
				CLANG_WARN_OBJC_ROOT_CLASS = YES_ERROR;
				CLANG_WARN_RANGE_LOOP_ANALYSIS = YES;
				CLANG_WARN_STRICT_PROTOTYPES = YES;
				CLANG_WARN_SUSPICIOUS_MOVE = YES;
				CLANG_WARN_UNGUARDED_AVAILABILITY = YES_AGGRESSIVE;
				CLANG_WARN_UNREACHABLE_CODE = YES;
				CLANG_WARN__DUPLICATE_METHOD_MATCH = YES;
				CODE_SIGN_IDENTITY = "iPhone Developer";
				COPY_PHASE_STRIP = NO;
				DEBUG_INFORMATION_FORMAT = dwarf;
				ENABLE_STRICT_OBJC_MSGSEND = YES;
				ENABLE_TESTABILITY = YES;
				GCC_C_LANGUAGE_STANDARD = gnu11;
				GCC_DYNAMIC_NO_PIC = NO;
				GCC_NO_COMMON_BLOCKS = YES;
				GCC_OPTIMIZATION_LEVEL = 0;
				GCC_PREPROCESSOR_DEFINITIONS = (
					"DEBUG=1",
					"$(inherited)",
				);
				GCC_WARN_64_TO_32_BIT_CONVERSION = YES;
				GCC_WARN_ABOUT_RETURN_TYPE = YES_ERROR;
				GCC_WARN_UNDECLARED_SELECTOR = YES;
				GCC_WARN_UNINITIALIZED_AUTOS = YES_AGGRESSIVE;
				GCC_WARN_UNUSED_FUNCTION = YES;
				GCC_WARN_UNUSED_VARIABLE = YES;
				IPHONEOS_DEPLOYMENT_TARGET = 11.3;
				MTL_ENABLE_DEBUG_INFO = YES;
				ONLY_ACTIVE_ARCH = YES;
				SDKROOT = iphoneos;
				SWIFT_ACTIVE_COMPILATION_CONDITIONS = DEBUG;
				SWIFT_OPTIMIZATION_LEVEL = "-Onone";
			};
			name = Debug;
		};
		A02C177420A32A550089F963 /* Release */ = {
			isa = XCBuildConfiguration;
			buildSettings = {
				ALWAYS_SEARCH_USER_PATHS = NO;
				CLANG_ANALYZER_NONNULL = YES;
				CLANG_ANALYZER_NUMBER_OBJECT_CONVERSION = YES_AGGRESSIVE;
				CLANG_CXX_LANGUAGE_STANDARD = "gnu++14";
				CLANG_CXX_LIBRARY = "libc++";
				CLANG_ENABLE_MODULES = YES;
				CLANG_ENABLE_OBJC_ARC = YES;
				CLANG_ENABLE_OBJC_WEAK = YES;
				CLANG_WARN_BLOCK_CAPTURE_AUTORELEASING = YES;
				CLANG_WARN_BOOL_CONVERSION = YES;
				CLANG_WARN_COMMA = YES;
				CLANG_WARN_CONSTANT_CONVERSION = YES;
				CLANG_WARN_DEPRECATED_OBJC_IMPLEMENTATIONS = YES;
				CLANG_WARN_DIRECT_OBJC_ISA_USAGE = YES_ERROR;
				CLANG_WARN_DOCUMENTATION_COMMENTS = YES;
				CLANG_WARN_EMPTY_BODY = YES;
				CLANG_WARN_ENUM_CONVERSION = YES;
				CLANG_WARN_INFINITE_RECURSION = YES;
				CLANG_WARN_INT_CONVERSION = YES;
				CLANG_WARN_NON_LITERAL_NULL_CONVERSION = YES;
				CLANG_WARN_OBJC_IMPLICIT_RETAIN_SELF = YES;
				CLANG_WARN_OBJC_LITERAL_CONVERSION = YES;
				CLANG_WARN_OBJC_ROOT_CLASS = YES_ERROR;
				CLANG_WARN_RANGE_LOOP_ANALYSIS = YES;
				CLANG_WARN_STRICT_PROTOTYPES = YES;
				CLANG_WARN_SUSPICIOUS_MOVE = YES;
				CLANG_WARN_UNGUARDED_AVAILABILITY = YES_AGGRESSIVE;
				CLANG_WARN_UNREACHABLE_CODE = YES;
				CLANG_WARN__DUPLICATE_METHOD_MATCH = YES;
				CODE_SIGN_IDENTITY = "iPhone Developer";
				COPY_PHASE_STRIP = NO;
				DEBUG_INFORMATION_FORMAT = "dwarf-with-dsym";
				ENABLE_NS_ASSERTIONS = NO;
				ENABLE_STRICT_OBJC_MSGSEND = YES;
				GCC_C_LANGUAGE_STANDARD = gnu11;
				GCC_NO_COMMON_BLOCKS = YES;
				GCC_WARN_64_TO_32_BIT_CONVERSION = YES;
				GCC_WARN_ABOUT_RETURN_TYPE = YES_ERROR;
				GCC_WARN_UNDECLARED_SELECTOR = YES;
				GCC_WARN_UNINITIALIZED_AUTOS = YES_AGGRESSIVE;
				GCC_WARN_UNUSED_FUNCTION = YES;
				GCC_WARN_UNUSED_VARIABLE = YES;
				IPHONEOS_DEPLOYMENT_TARGET = 11.3;
				MTL_ENABLE_DEBUG_INFO = NO;
				SDKROOT = iphoneos;
				SWIFT_COMPILATION_MODE = wholemodule;
				SWIFT_OPTIMIZATION_LEVEL = "-O";
				VALIDATE_PRODUCT = YES;
			};
			name = Release;
		};
		A02C177620A32A550089F963 /* Debug */ = {
			isa = XCBuildConfiguration;
			buildSettings = {
				ASSETCATALOG_COMPILER_APPICON_NAME = AppIcon;
				CODE_SIGN_STYLE = Automatic;
				INFOPLIST_FILE = "drone-code/Info.plist";
				LD_RUNPATH_SEARCH_PATHS = (
					"$(inherited)",
					"@executable_path/Frameworks",
				);
				PRODUCT_BUNDLE_IDENTIFIER = "cui.drone-code";
				PRODUCT_NAME = "$(TARGET_NAME)";
				SWIFT_VERSION = 4.0;
				TARGETED_DEVICE_FAMILY = "1,2";
			};
			name = Debug;
		};
		A02C177720A32A550089F963 /* Release */ = {
			isa = XCBuildConfiguration;
			buildSettings = {
				ASSETCATALOG_COMPILER_APPICON_NAME = AppIcon;
				CODE_SIGN_STYLE = Automatic;
				INFOPLIST_FILE = "drone-code/Info.plist";
				LD_RUNPATH_SEARCH_PATHS = (
					"$(inherited)",
					"@executable_path/Frameworks",
				);
				PRODUCT_BUNDLE_IDENTIFIER = "cui.drone-code";
				PRODUCT_NAME = "$(TARGET_NAME)";
				SWIFT_VERSION = 4.0;
				TARGETED_DEVICE_FAMILY = "1,2";
			};
			name = Release;
		};
		A02C177920A32A550089F963 /* Debug */ = {
			isa = XCBuildConfiguration;
			buildSettings = {
				ALWAYS_EMBED_SWIFT_STANDARD_LIBRARIES = YES;
				BUNDLE_LOADER = "$(TEST_HOST)";
				CODE_SIGN_STYLE = Automatic;
				INFOPLIST_FILE = "drone-codeTests/Info.plist";
				LD_RUNPATH_SEARCH_PATHS = (
					"$(inherited)",
					"@executable_path/Frameworks",
					"@loader_path/Frameworks",
				);
				PRODUCT_BUNDLE_IDENTIFIER = "cui.drone-codeTests";
				PRODUCT_NAME = "$(TARGET_NAME)";
				SWIFT_VERSION = 4.0;
				TARGETED_DEVICE_FAMILY = "1,2";
				TEST_HOST = "$(BUILT_PRODUCTS_DIR)/drone-code.app/drone-code";
			};
			name = Debug;
		};
		A02C177A20A32A550089F963 /* Release */ = {
			isa = XCBuildConfiguration;
			buildSettings = {
				ALWAYS_EMBED_SWIFT_STANDARD_LIBRARIES = YES;
				BUNDLE_LOADER = "$(TEST_HOST)";
				CODE_SIGN_STYLE = Automatic;
				INFOPLIST_FILE = "drone-codeTests/Info.plist";
				LD_RUNPATH_SEARCH_PATHS = (
					"$(inherited)",
					"@executable_path/Frameworks",
					"@loader_path/Frameworks",
				);
				PRODUCT_BUNDLE_IDENTIFIER = "cui.drone-codeTests";
				PRODUCT_NAME = "$(TARGET_NAME)";
				SWIFT_VERSION = 4.0;
				TARGETED_DEVICE_FAMILY = "1,2";
				TEST_HOST = "$(BUILT_PRODUCTS_DIR)/drone-code.app/drone-code";
			};
			name = Release;
		};
		A02C177C20A32A550089F963 /* Debug */ = {
			isa = XCBuildConfiguration;
			buildSettings = {
				ALWAYS_EMBED_SWIFT_STANDARD_LIBRARIES = YES;
				CODE_SIGN_STYLE = Automatic;
				INFOPLIST_FILE = "drone-codeUITests/Info.plist";
				LD_RUNPATH_SEARCH_PATHS = (
					"$(inherited)",
					"@executable_path/Frameworks",
					"@loader_path/Frameworks",
				);
				PRODUCT_BUNDLE_IDENTIFIER = "cui.drone-codeUITests";
				PRODUCT_NAME = "$(TARGET_NAME)";
				SWIFT_VERSION = 4.0;
				TARGETED_DEVICE_FAMILY = "1,2";
				TEST_TARGET_NAME = "drone-code";
			};
			name = Debug;
		};
		A02C177D20A32A550089F963 /* Release */ = {
			isa = XCBuildConfiguration;
			buildSettings = {
				ALWAYS_EMBED_SWIFT_STANDARD_LIBRARIES = YES;
				CODE_SIGN_STYLE = Automatic;
				INFOPLIST_FILE = "drone-codeUITests/Info.plist";
				LD_RUNPATH_SEARCH_PATHS = (
					"$(inherited)",
					"@executable_path/Frameworks",
					"@loader_path/Frameworks",
				);
				PRODUCT_BUNDLE_IDENTIFIER = "cui.drone-codeUITests";
				PRODUCT_NAME = "$(TARGET_NAME)";
				SWIFT_VERSION = 4.0;
				TARGETED_DEVICE_FAMILY = "1,2";
				TEST_TARGET_NAME = "drone-code";
			};
			name = Release;
		};
/* End XCBuildConfiguration section */

/* Begin XCConfigurationList section */
		A02C174420A32A540089F963 /* Build configuration list for PBXProject "drone-code" */ = {
			isa = XCConfigurationList;
			buildConfigurations = (
				A02C177320A32A550089F963 /* Debug */,
				A02C177420A32A550089F963 /* Release */,
			);
			defaultConfigurationIsVisible = 0;
			defaultConfigurationName = Release;
		};
		A02C177520A32A550089F963 /* Build configuration list for PBXNativeTarget "drone-code" */ = {
			isa = XCConfigurationList;
			buildConfigurations = (
				A02C177620A32A550089F963 /* Debug */,
				A02C177720A32A550089F963 /* Release */,
			);
			defaultConfigurationIsVisible = 0;
			defaultConfigurationName = Release;
		};
		A02C177820A32A550089F963 /* Build configuration list for PBXNativeTarget "drone-codeTests" */ = {
			isa = XCConfigurationList;
			buildConfigurations = (
				A02C177920A32A550089F963 /* Debug */,
				A02C177A20A32A550089F963 /* Release */,
			);
			defaultConfigurationIsVisible = 0;
			defaultConfigurationName = Release;
		};
		A02C177B20A32A550089F963 /* Build configuration list for PBXNativeTarget "drone-codeUITests" */ = {
			isa = XCConfigurationList;
			buildConfigurations = (
				A02C177C20A32A550089F963 /* Debug */,
				A02C177D20A32A550089F963 /* Release */,
			);
			defaultConfigurationIsVisible = 0;
			defaultConfigurationName = Release;
		};
/* End XCConfigurationList section */
	};
	rootObject = A02C174120A32A540089F963 /* Project object */;
}
